{
    "_meta": {
        "hash": {
            "sha256": "86abb57db539a651852001ddab6fd8ce8b15847877a5d1e9d50b5f6e54897cdc"
        },
        "host-environment-markers": {
            "implementation_name": "cpython",
            "implementation_version": "3.6.1",
            "os_name": "posix",
            "platform_machine": "x86_64",
            "platform_python_implementation": "CPython",
            "platform_release": "3.19.0-66-generic",
            "platform_system": "Linux",
            "platform_version": "#74~14.04.1-Ubuntu SMP Tue Jul 19 19:56:11 UTC 2016",
            "python_full_version": "3.6.1",
            "python_version": "3.6",
            "sys_platform": "linux"
        },
        "pipfile-spec": 6,
        "requires": {},
        "sources": [
            {
                "name": "pypi",
                "url": "https://pypi.python.org/simple",
                "verify_ssl": true
            }
        ]
    },
    "default": {
        "certifi": {
            "hashes": [
                "sha256:244be0d93b71e93fc0a0a479862051414d0e00e16435707e5bf5000f92e04694",
                "sha256:5ec74291ca1136b40f0379e1128ff80e866597e4e2c1e755739a913bbc3613c0"
            ],
            "version": "==2017.11.5"
        },
        "chardet": {
            "hashes": [
                "sha256:fc323ffcaeaed0e0a02bf4d117757b98aed530d9ed4531e3e15460124c106691",
                "sha256:84ab92ed1c4d4f16916e05906b6b75a6c0fb5db821cc65e70cbd64a3e2a5eaae"
            ],
            "version": "==3.0.4"
        },
        "h5py": {
            "hashes": [
                "sha256:562045c57a2e47aca9c716ac8cd64448d4897c0f5fe456ab5a34b17c8b3907cb",
                "sha256:e1bfcfa2c425dc0f637d4edd858b94e400bbb5746dba324ace124d55fc21d3df",
                "sha256:9e0537058efea7547d976f9c00067f7193727bb41ce6b4733c52de35beaa46f5",
                "sha256:9d9fb861e10735c5c710fe18f34c69e470cf161a4ba38717b7dde21de2d33760",
                "sha256:2d137a1b2f529e58886b5865f6dec51cd96ea0671dd84cebc6dba5cd8c7d0a75",
                "sha256:2ccb4f405059314829ebad1859d2c68e133a9d13ca7c3cc7a298a76a438fd09c",
                "sha256:52204972a02032d6a427addd37a24a22a2b97d4bce0850c84a6995db9c91926c",
                "sha256:1be9cd57e74b24f836d0d2c34ae376ff2df704f40aa8815aa9113b5a860d467f",
                "sha256:2258fca3533a3276fd86e9196326786f408a95748ac707c010fff265edf60342",
                "sha256:66609c48f8841357ced4291b7c9009518bb6e6fec449d91eb46aa417b6f5f4cf",
                "sha256:4a6e6cd8668fa453864f4f9e243460dcc2d41e79d14516b84f4ba74ebcc5b222",
                "sha256:a314e5e98037ece52ad0b88b4e0d788ca554935268f3e9d293ca9bcd18611b42",
                "sha256:478efa37b84a56061af5fcd286678331e873e216f6c5987cd31f9666edc2f157",
                "sha256:2b91c9117f2e7a2ef924bec41ac77e57567bec6731773373bf78eb4387b39a2a",
                "sha256:07ddea6bb649a257fc57ccae359a36d691b2ef8b9617971ae7d6f74ef6f67cad",
                "sha256:bb990d8663dbeee22ce44135ffd65ab38bd23d6a689722a653cfbf2d18d46688",
                "sha256:e78f09a44fc9256b84c9df98edf7b6ead3b3da2e12bf2d1e00384960a6a78a1a",
                "sha256:40dd37cbf24ca3b935a8d6eb8960ec5d0381219f82317bdc40aa9e08b3fcc143",
                "sha256:1fad9aa32835230de77b31edd6980b7c202de7bb7d8384d1bcb47b5dd32c8c7c",
                "sha256:537a60879485e5ce484ab4350c7bd8b3da4b531f9f82ef0a18780beabde98c90",
                "sha256:c050791989cd9979fe57a770d4e323b2e67ef95800e89e7dc6ad3652b8ccd86f",
                "sha256:b7e1c42367513108c3615cf1a24a9d366fd93eb9d2d92085bafb3011b785e8a9",
                "sha256:180a688311e826ff6ae6d3bda9b5c292b90b28787525ddfcb10a29d5ddcae2cc"
            ],
            "version": "==2.7.1"
        },
        "idna": {
            "hashes": [
                "sha256:8c7309c718f94b3a625cb648ace320157ad16ff131ae0af362c9f21b80ef6ec4",
                "sha256:2c6a5de3089009e3da7c5dde64a141dbc8551d5b7f6cf4ed7c2568d0cc520a8f"
            ],
            "version": "==2.6"
        },
        "numpy": {
            "hashes": [
                "sha256:428cd3c0b197cf857671353d8c85833193921af9fafcc169a1f29c7185833d50",
                "sha256:a476e437d73e5754aa66e1e75840d0163119c3911b7361f4cd06985212a3c3fb",
                "sha256:289ff717138cd9aa133adcbd3c3e284458b9c8230db4d42b39083a3407370317",
                "sha256:c5eccb4bf96dbb2436c61bb3c2658139e779679b6ae0d04c5e268e6608b58053",
                "sha256:75471acf298d455b035226cc609a92aee42c4bb6aa71def85f77fa2c2b646b61",
                "sha256:5c54fb98ecf42da59ed93736d1c071842482b18657eb16ba6e466bd873e1b923",
                "sha256:9ddf384ac3aacb72e122a8207775cc29727cbd9c531ee1a4b95754f24f42f7f3",
                "sha256:781d3197da49c421a07f250750de70a52c42af08ca02a2f7bdb571c0625ae7eb",
                "sha256:93b26d6c06a22e64d56aaca32aaaffd27a4143db0ac2f21a048f0b571f2bfc55",
                "sha256:b2547f57d05ba59df4289493254f29f4c9082d255f1f97b7e286f40f453e33a1",
                "sha256:eef6af1c752eef538a96018ef9bdf8e37bbf28aab50a1436501a4aa47a6467df",
                "sha256:ff8a4b2c3ac831964f529a2da506c28d002562b230261ae5c16885f5f53d2e75",
                "sha256:194074058c22a4066e1b6a4ea432486ee468d24ab16f13630c1030409e6b8666",
                "sha256:4e13f1a848fde960dea33702770265837c72b796a6a3eaac7528cfe75ddefadd",
                "sha256:91101216d72749df63968d86611b549438fb18af2c63849c01f9a897516133c7",
                "sha256:97507349abb7d1f6b76b877258defe8720833881dc7e7fd052bac90c88587387",
                "sha256:1479b46b6040b5c689831496354c8859c456b152d37315673a0c18720b41223b",
                "sha256:98b1ac79c160e36093d7914244e40ee1e7164223e795aa2c71dcce367554e646",
                "sha256:24bbec9a199f938eab75de8390f410969bc33c218e5430fa1ae9401b00865255",
                "sha256:7880f412543e96548374a4bb1d75e4cdb8cad80f3a101ed0f8d0e0428f719c1c",
                "sha256:6112f152b76a28c450bbf665da11757078a724a90330112f5b7ea2d6b6cefd67",
                "sha256:7c5276763646480143d5f3a6c2acb2885460c765051a1baf4d5070f63d05010f",
                "sha256:3de643935b212307b420248018323a44ec51987a336d1d747c1322afc3c099fb"
            ],
            "version": "==1.14.0"
        },
        "patool": {
            "hashes": [
                "sha256:3f642549c9a78f5b8bef1af92df385b521d360520d1f34e4dba3fd1dee2a21bc",
                "sha256:e3180cf8bfe13bedbcf6f5628452fca0c2c84a3b5ae8c2d3f55720ea04cb1097"
            ],
            "version": "==1.12"
        },
        "pillow": {
            "hashes": [
                "sha256:718ec7a122b28d64afc5fbc3a9b99bb0545ef511373cac06fe7624520e82cb20",
                "sha256:801cca8923508311bf5d6d0f7da5362552e8208ebd8ec0d7b9f2cd2ff5705734",
                "sha256:43334f9581cd067945b8898cef9eb5714ee4883f8de0304c011f1dbdb1d4e2aa",
                "sha256:153ec6f18f7b61641e0e6e502acfaf4a06c9aba2ea11c0b4b3578ea9f13a4a4a",
                "sha256:25193f934d37d836a6b1f4c062ce574a96cbca7c6d9dc8ddfbbac7f9c54deaa4",
                "sha256:b85f703c2ffe539313e39ce0676bed0f355cec45a16e58c9ab7417445843047c",
                "sha256:8580fc58074a16b749905b26cf8363f7b628dd167ba0130f5382cdc91c86b509",
                "sha256:2fcde9954c8882d1c7f93bb828caa34a4c5e3ee69dbc7895dc8652ad972b455a",
                "sha256:1a5b93084e01328a1cb1ecdad99d11d75e881e89a95f88d85b523646553b36c2",
                "sha256:b2240f298482f823576f397bb9f32ea913ad9456c526e141bc6f0a022b37a3e8",
                "sha256:b1d33c63a55d0d85df0ad02b2c16158fb4d8153afa7b908f1a67330fac694cd6",
                "sha256:6977cf073d83358b34f93abf5c1f1193b88675fe0e4441e0e28318bc3dcba7a0",
                "sha256:1912b7230459fd53682dae32b83cbd8e5d642ba36d4be18566f00a9c063aa13d",
                "sha256:4bd4a71501b6d51db4abc07e1f43f5a6fed0a1a9583cca0b401d6af50284b0db",
                "sha256:0013f590a8f260df60bcfd65db19d18efc04e7f046c3c82a40e2e2b3292a937c",
                "sha256:a224651a81e45ef4f1d0164e256c5f6b4abb49f2ae8f22ba2f3a9d0ff338e608",
                "sha256:c793dfaa130847ccff958492b76ae8b9304e60b8a79a92962cb19e368276a22b",
                "sha256:0b899ee80920bb533f26581af9b4660bc12aff4562555afe74e429101ebf3c94",
                "sha256:9525cd680a6f9e80c6c0af03cf973e6505c59f60b4745f682cd1a449e54b31bb",
                "sha256:35f7d998b8e82fb3fb51ff88b30485eb81cd7dd56ec7e1a8deba23eb88532d44",
                "sha256:5b0d657460d9f3615876fec6306e97ca15a471f6169b622d76a47e270998acf1",
                "sha256:ddd16ab250b4fc97db1c47407e78c25216a75c29d29d10ad37e51b7a2ec7b2c3",
                "sha256:b9f63451084a718eccdeb1e382768c94647915653af4d6019f64560d9e98642b",
                "sha256:a370d1c570f1d72e877099651e752332444b1c5009381f043c9da5fd47f3ebae",
                "sha256:dc4b018d5c9b636f7546583c5591b9ea00c328c3e5871992ef5b95bac353f097",
                "sha256:e126ff4fed71e78333840c07279e1617f63cfca76d63ad5b27d65a7277206a3d",
                "sha256:fcf64c91fd44485100a2965d23bb0e227d093e91f7e776c5ca3b32574766eb56",
                "sha256:2c042352b430d678db50c78c5214e19638eff8b688941271da2de21fd298dfe5",
                "sha256:17fe25efc785194d48c38fad85dce470013ba19d2fb66639e149f14bccf1327f",
                "sha256:2e818dbe445e86fc6c266973fe540c35125c42eb2cf13a6095e9adaa89c0deb5",
                "sha256:135e9aa65150c53f7db85bf2bebb8a0e1a48ea850e80cf66e16dd04fa09d309c",
                "sha256:7dfbefdb3fb911ca9faed307bf309861e9995e36cca6b761c7ba6d9b77a9744a",
                "sha256:12f29d6c23424f704c66b5b68c02fe0b571504459605cfe36ab8158359b0e1bb",
                "sha256:f8d49be8c282df8d2e1ab6ab53ab8abd859b1fa6fed384457ee85c9eff64ef97",
                "sha256:82b172e3264e62372c01b5b009b5b1a02fbb9276cbe5cc57ab00a6d6e5ed9a18",
                "sha256:57aa6198ba8acba1313c3b743e267d821a60cac77e6026caf0b55ca58d3d23be",
                "sha256:d60c1625b108432ace8b1fa1a584017e5efa73f107d0f493c7f39c79bebf1d41",
                "sha256:82d1ff571489765df2816785d532e243bde213752156c227fca595723ec5ff42",
                "sha256:37cc0339abfa9e295c75d9a7f227d35cb44716feb95057f9449c4a9e9a17daf7",
                "sha256:931030d1d6282b7900e6b0a7ff9ecdb503b5e1e6781800dab2b71a9f39405bff",
                "sha256:5cd36804f9f06a914a883fe682df5711d16d7b4f44d43189c5f013e7cd91e149"
            ],
            "version": "==5.0.0"
        },
        "progressbar2": {
            "hashes": [
                "sha256:93f145c92c1932dec0023c1e78cb86eaa843faee4a8f62cc0f7aff36f08c0c33",
                "sha256:bdf07125292ed994215980e0859c22ac150338b72371b2c493fb2d6072e52fbe"
            ],
            "version": "==3.34.3"
        },
        "python-utils": {
            "hashes": [
                "sha256:67b7b576bdabf4d565d4636b85be295ac87b4c51e65bc1bdadf69e37f4da0414",
                "sha256:d9b8ab1f2a7c8f26ed16a47505f589a5d51c0d1e55869ab40c20e1c4b42af2c0"
            ],
            "version": "==2.2.0"
        },
        "requests": {
            "hashes": [
                "sha256:6a1b267aa90cac58ac3a765d067950e7dbbf75b1da07e895d1f594193a40a38b",
                "sha256:9c443e7324ba5b85070c4a818ade28bfabedf16ea10206da1132edaa6dda237e"
            ],
            "version": "==2.18.4"
        },
        "scipy": {
            "hashes": [
                "sha256:70e6fc3f2f52c9152f05e27eb9bd8543cb862cacb71f8521a571e4ffb837f450",
                "sha256:08041e5336fcd57defcc78650b44b3df652eff3e3a801638d894e50494fb630d",
                "sha256:ff8b6637d8d2c074ed67f3d57513e62f94747c6f1210f43e60ad3d8e93a424e4",
                "sha256:5964dba6a3c0be226d44d2520de8fb4ba1501768bad57eec687d36d3f53b6254",
                "sha256:bf36f3485e7b7291c36330a93bbfd4f5e8db23bbe4ea46c37b2839fef463f4e2",
                "sha256:e3a5673c105eab802fdecb77f102d877352e201df9328698a265b7f57546b34b",
                "sha256:cd23894e1cc6eaa00e6807b6b12e4ca66d5ff092986c9c3eb01e97f24e2d6462",
                "sha256:23a7238279ae94e088396b8b05a9795ef598dc79c5cd1adb91ad1ff87c7514fd",
                "sha256:3b66d5e40152175bca75cbbfd1eb5c108c50de9ae5625923f1c4f8f51cbe2dea",
                "sha256:fa17be6c66985931d3a391f61a6ba97c902585cf26020aa3eb24604115732d22",
                "sha256:d84df0bc86bbdd49f0a6b6bad5cd62ccb02a3bfe546bf79263de44ae081bcd7b",
                "sha256:912499ddb521b7ac6287ac4ccf5f296a83d38996c2d04f43c9e62a91f7b420aa",
                "sha256:889602ead28054a15e8c26e1a6b8420d5a4fa777cfeb3ec98cfa52b9f317d153",
                "sha256:5774adb6047983489bc81edaa72cd132e665e5680f0b2cf8ea28cd3b99e65d39",
                "sha256:01c7040a83eb4e020ab729488637dcadef54cb728b035b76668ab92a72515d60",
                "sha256:046705c604c6f1d63cad3e89677c0618b7abb40ed09a4c241c671a2d8e5128a9",
                "sha256:1f58fbd59e8d9652759df0d137832ff2a325ed708c173cba20c86589d811c210",
                "sha256:424500b2fe573d30de6dea927076c01acaadb3efb3d1f40340e8cc37151ccf27",
                "sha256:97123a25216616723083942eb595f47fee18da6b637a88b803de5f078009003c",
                "sha256:a79b99b8b5af9a63312bd053bbb7bdb7710e6bbb9cc81617f9f6b9b1e49c72f8",
                "sha256:9bd193686fd837472bdb6425486cb234ed0a4db76b930c141cc8d095ab213c8d",
                "sha256:a9e479648aab5f36330da94f351ebbfe79acb4e6f5e6ac6aeddc9291eb096839",
                "sha256:87ea1f11a0e9ec08c264dc64551d501fa307289460705f6fccd84cbfc7926d10"
            ],
            "version": "==1.0.0"
        },
        "six": {
            "hashes": [
                "sha256:832dc0e10feb1aa2c68dcc57dbb658f1c7e65b9b61af69048abc87a2db00a0eb",
                "sha256:70e8a77beed4562e7f14fe23a786b54f6296e34344c23bc42f07b15018ff98e9"
            ],
            "version": "==1.11.0"
        },
        "urllib3": {
            "hashes": [
                "sha256:06330f386d6e4b195fbfc736b297f58c5a892e4440e54d294d7004e3a9bbea1b",
                "sha256:cc44da8e1145637334317feebd728bd869a35285b93cbb4cca2577da7e62db4f"
            ],
            "version": "==1.22"
        },
        "xmltodict": {
            "hashes": [
                "sha256:add07d92089ff611badec526912747cf87afd4f9447af6661aca074eeaf32615",
                "sha256:8f8d7d40aa28d83f4109a7e8aa86e67a4df202d9538be40c0cb1d70da527b0df"
            ],
            "version": "==0.11.0"
        }
    },
    "develop": {
        "attrs": {
            "hashes": [
                "sha256:a17a9573a6f475c99b551c0e0a812707ddda1ec9653bed04c13841404ed6f450",
                "sha256:1c7960ccfd6a005cd9f7ba884e6316b5e430a3f1a6c37c5f87d8b43f83b54ec9"
            ],
            "version": "==17.4.0"
        },
        "pluggy": {
            "hashes": [
                "sha256:7f8ae7f5bdf75671a718d2daf0a64b7885f74510bcd98b1a0bb420eb9a9d0cff"
            ],
            "version": "==0.6.0"
        },
        "py": {
            "hashes": [
                "sha256:8cca5c229d225f8c1e3085be4fcf306090b00850fefad892f9d96c7b6e2f310f",
                "sha256:ca18943e28235417756316bfada6cd96b23ce60dd532642690dcfdaba988a76d"
            ],
            "version": "==1.5.2"
        },
        "pytest": {
            "hashes": [
                "sha256:b84878865558194630c6147f44bdaef27222a9f153bbd4a08908b16bf285e0b1",
                "sha256:53548280ede7818f4dc2ad96608b9f08ae2cc2ca3874f2ceb6f97e3583f25bc4"
            ],
            "version": "==3.3.2"
        },
        "pytest-sugar": {
            "hashes": [
                "sha256:8f1aca70235559f95abe2d7508a029d933e9c9961888d74d423e6460678a9686"
            ],
            "version": "==0.9.0"
        },
        "six": {
            "hashes": [
                "sha256:832dc0e10feb1aa2c68dcc57dbb658f1c7e65b9b61af69048abc87a2db00a0eb",
                "sha256:70e8a77beed4562e7f14fe23a786b54f6296e34344c23bc42f07b15018ff98e9"
            ],
            "version": "==1.11.0"
        },
        "termcolor": {
            "hashes": [
                "sha256:1d6d69ce66211143803fbc56652b41d73b4a400a2891d7bf7a1cdf4c02de613b"
            ],
            "version": "==1.1.0"
        },
        "tox": {
            "hashes": [
                "sha256:8af30fd835a11f3ff8e95176ccba5a4e60779df4d96a9dfefa1a1704af263225",
                "sha256:752f5ec561c6c08c5ecb167d3b20f4f4ffc158c0ab78855701a75f5cef05f4b8"
            ],
            "version": "==2.9.1"
        },
        "virtualenv": {
            "hashes": [
                "sha256:39d88b533b422825d644087a21e78c45cf5af0ef7a99a1fc9fbb7b481e5c85b0",
                "sha256:02f8102c2436bb03b3ee6dede1919d1dac8a427541652e5ec95171ec8adbc93a"
            ],
            "markers": "python_version != '3.2'",
            "version": "==15.1.0"
        }
    }
}
